schema: '2.0'
stages:
  validate:
    cmd: python src/data_validation.py
    deps:
    - path: data/raw/reviews.csv
      hash: md5
      md5: 10b3193fa2e8407e19434dd76bdaff06
      size: 4643
  preprocess:
    cmd: python src/preprocessing.py
    deps:
    - path: data/raw/reviews.csv
      hash: md5
      md5: 10b3193fa2e8407e19434dd76bdaff06
      size: 4643
    outs:
    - path: data/processed/clean.csv
      hash: md5
      md5: 3e8ca131bbdc3db89fcb3f93b10160ea
      size: 4624
  train:
    cmd: python src/train.py
    deps:
    - path: data/processed/clean.csv
      hash: md5
      md5: 3e8ca131bbdc3db89fcb3f93b10160ea
      size: 4624
    outs:
    - path: models/model.pkl
      hash: md5
      md5: edb0a768591b60f3d5d43766131d989c
      size: 10237
